
Microsoft Visual Studio Solution File, Format Version 12.00
# Visual Studio Version 16
VisualStudioVersion = 16.0.31112.23
MinimumVisualStudioVersion = 10.0.40219.1
Project("{FAE04EC0-301F-11D3-BF4B-00C04F79EFBC}") = "DotNetCoreApp", "DotNetCoreApp.csproj", "{0849296D-1883-46CE-867E-796AE0D62841}"
EndProject
Global
	GlobalSection(SolutionConfigurationPlatforms) = preSolution
		Debug|Any CPU = Debug|Any CPU
		Release|Any CPU = Release|Any CPU
	EndGlobalSection
	GlobalSection(ProjectConfigurationPlatforms) = postSolution
		{0849296D-1883-46CE-867E-796AE0D62841}.Debug|Any CPU.ActiveCfg = Debug|Any CPU
		{0849296D-1883-46CE-867E-796AE0D62841}.Debug|Any CPU.Build.0 = Debug|Any CPU
		{0849296D-1883-46CE-867E-796AE0D62841}.Release|Any CPU.ActiveCfg = Release|Any CPU
		{0849296D-1883-46CE-867E-796AE0D62841}.Release|Any CPU.Build.0 = Release|Any CPU
	EndGlobalSection
	GlobalSection(SolutionProperties) = preSolution
		HideSolutionNode = FALSE
	EndGlobalSection
	GlobalSection(ExtensibilityGlobals) = postSolution
		SolutionGuid = {241AB478-D7D4-4A62-935C-A96EFCCE756C}
	EndGlobalSection
EndGlobal
